
Microsoft Visual Studio Solution File, Format Version 12.00
# Visual Studio Version 17
VisualStudioVersion = 17.10.35027.167
MinimumVisualStudioVersion = 10.0.40219.1
Project("{FAE04EC0-301F-11D3-BF4B-00C04F79EFBC}") = "Programming Puzzles 2 (PP2)", "Programming Puzzles 2 (PP2).csproj", "{71862D16-D582-4500-90FC-E50AE3D5EE50}"
EndProject
Global
	GlobalSection(SolutionConfigurationPlatforms) = preSolution
		Debug|Any CPU = Debug|Any CPU
		Release|Any CPU = Release|Any CPU
	EndGlobalSection
	GlobalSection(ProjectConfigurationPlatforms) = postSolution
		{71862D16-D582-4500-90FC-E50AE3D5EE50}.Debug|Any CPU.ActiveCfg = Debug|Any CPU
		{71862D16-D582-4500-90FC-E50AE3D5EE50}.Debug|Any CPU.Build.0 = Debug|Any CPU
		{71862D16-D582-4500-90FC-E50AE3D5EE50}.Release|Any CPU.ActiveCfg = Release|Any CPU
		{71862D16-D582-4500-90FC-E50AE3D5EE50}.Release|Any CPU.Build.0 = Release|Any CPU
	EndGlobalSection
	GlobalSection(SolutionProperties) = preSolution
		HideSolutionNode = FALSE
	EndGlobalSection
	GlobalSection(ExtensibilityGlobals) = postSolution
		SolutionGuid = {03CFBF69-ABAB-4AA5-8CB0-47508F32173F}
	EndGlobalSection
EndGlobal
